// !$*UTF8*$!
{
	archiveVersion = 1;
	classes = {
	};
	objectVersion = 46;
	objects = {

/* Begin PBXBuildFile section */
		141088941BD526A800D41A3F /* main.m in Sources */ = {isa = PBXBuildFile; fileRef = 141088931BD526A800D41A3F /* main.m */; };
		141088971BD526A800D41A3F /* AppDelegate.m in Sources */ = {isa = PBXBuildFile; fileRef = 141088961BD526A800D41A3F /* AppDelegate.m */; };
		1410889D1BD526A800D41A3F /* Main.storyboard in Resources */ = {isa = PBXBuildFile; fileRef = 1410889B1BD526A800D41A3F /* Main.storyboard */; };
		1410889F1BD526A900D41A3F /* Assets.xcassets in Resources */ = {isa = PBXBuildFile; fileRef = 1410889E1BD526A900D41A3F /* Assets.xcassets */; };
		141088A21BD526A900D41A3F /* LaunchScreen.storyboard in Resources */ = {isa = PBXBuildFile; fileRef = 141088A01BD526A900D41A3F /* LaunchScreen.storyboard */; };
		141088AA1BD56C2400D41A3F /* User.storyboard in Resources */ = {isa = PBXBuildFile; fileRef = 141088A91BD56C2400D41A3F /* User.storyboard */; settings = {ASSET_TAGS = (); }; };
		141088AC1BD56C3000D41A3F /* Create.storyboard in Resources */ = {isa = PBXBuildFile; fileRef = 141088AB1BD56C3000D41A3F /* Create.storyboard */; settings = {ASSET_TAGS = (); }; };
		141088B21BD56EAD00D41A3F /* SelfieFeedTableViewController.m in Sources */ = {isa = PBXBuildFile; fileRef = 141088B11BD56EAD00D41A3F /* SelfieFeedTableViewController.m */; settings = {ASSET_TAGS = (); }; };
		141088B51BD56ECF00D41A3F /* SelfieDetailViewController.m in Sources */ = {isa = PBXBuildFile; fileRef = 141088B41BD56ECF00D41A3F /* SelfieDetailViewController.m */; settings = {ASSET_TAGS = (); }; };
		141088B81BD5704B00D41A3F /* SelfieTableViewCell.m in Sources */ = {isa = PBXBuildFile; fileRef = 141088B71BD5704B00D41A3F /* SelfieTableViewCell.m */; settings = {ASSET_TAGS = (); }; };
		141088BB1BD5780700D41A3F /* CaptureViewController.m in Sources */ = {isa = PBXBuildFile; fileRef = 141088BA1BD5780700D41A3F /* CaptureViewController.m */; settings = {ASSET_TAGS = (); }; };
		141088BE1BD5782700D41A3F /* FilterViewController.m in Sources */ = {isa = PBXBuildFile; fileRef = 141088BD1BD5782700D41A3F /* FilterViewController.m */; settings = {ASSET_TAGS = (); }; };
		141088C21BD5784500D41A3F /* SubmitViewController.m in Sources */ = {isa = PBXBuildFile; fileRef = 141088C11BD5784500D41A3F /* SubmitViewController.m */; settings = {ASSET_TAGS = (); }; };
		141088C51BD5788100D41A3F /* FilterDataSource.m in Sources */ = {isa = PBXBuildFile; fileRef = 141088C41BD5788100D41A3F /* FilterDataSource.m */; settings = {ASSET_TAGS = (); }; };
		141088CA1BD5799700D41A3F /* FilterCollectionViewCell.m in Sources */ = {isa = PBXBuildFile; fileRef = 141088C91BD5799700D41A3F /* FilterCollectionViewCell.m */; settings = {ASSET_TAGS = (); }; };
		141088CD1BD5808F00D41A3F /* ChoiceViewController.m in Sources */ = {isa = PBXBuildFile; fileRef = 141088CC1BD5808F00D41A3F /* ChoiceViewController.m */; settings = {ASSET_TAGS = (); }; };
		141088D01BD580BB00D41A3F /* LoginViewController.m in Sources */ = {isa = PBXBuildFile; fileRef = 141088CF1BD580BB00D41A3F /* LoginViewController.m */; settings = {ASSET_TAGS = (); }; };
		141088D31BD5810500D41A3F /* RegisterViewController.m in Sources */ = {isa = PBXBuildFile; fileRef = 141088D21BD5810500D41A3F /* RegisterViewController.m */; settings = {ASSET_TAGS = (); }; };
		141088D61BD5815E00D41A3F /* AvatarViewController.m in Sources */ = {isa = PBXBuildFile; fileRef = 141088D51BD5815E00D41A3F /* AvatarViewController.m */; settings = {ASSET_TAGS = (); }; };
		14DB48B71BD6761E007F0E15 /* libsqlite3.dylib in Frameworks */ = {isa = PBXBuildFile; fileRef = 14DB48AB1BD6761E007F0E15 /* libsqlite3.dylib */; settings = {ASSET_TAGS = (); }; };
		14DB48B81BD6761E007F0E15 /* libz.1.dylib in Frameworks */ = {isa = PBXBuildFile; fileRef = 14DB48AC1BD6761E007F0E15 /* libz.1.dylib */; settings = {ASSET_TAGS = (); }; };
		14DB48B91BD6761E007F0E15 /* SystemConfiguration.framework in Frameworks */ = {isa = PBXBuildFile; fileRef = 14DB48AD1BD6761E007F0E15 /* SystemConfiguration.framework */; settings = {ASSET_TAGS = (); }; };
		14DB48BA1BD6761E007F0E15 /* StoreKit.framework in Frameworks */ = {isa = PBXBuildFile; fileRef = 14DB48AE1BD6761E007F0E15 /* StoreKit.framework */; settings = {ASSET_TAGS = (); }; };
		14DB48BB1BD6761E007F0E15 /* Security.framework in Frameworks */ = {isa = PBXBuildFile; fileRef = 14DB48AF1BD6761E007F0E15 /* Security.framework */; settings = {ASSET_TAGS = (); }; };
		14DB48BC1BD6761E007F0E15 /* QuartzCore.framework in Frameworks */ = {isa = PBXBuildFile; fileRef = 14DB48B01BD6761E007F0E15 /* QuartzCore.framework */; settings = {ASSET_TAGS = (); }; };
		14DB48BD1BD6761E007F0E15 /* CoreLocation.framework in Frameworks */ = {isa = PBXBuildFile; fileRef = 14DB48B11BD6761E007F0E15 /* CoreLocation.framework */; settings = {ASSET_TAGS = (); }; };
		14DB48BE1BD6761E007F0E15 /* CoreGraphics.framework in Frameworks */ = {isa = PBXBuildFile; fileRef = 14DB48B21BD6761E007F0E15 /* CoreGraphics.framework */; settings = {ASSET_TAGS = (); }; };
		14DB48BF1BD6761E007F0E15 /* CFNetwork.framework in Frameworks */ = {isa = PBXBuildFile; fileRef = 14DB48B31BD6761E007F0E15 /* CFNetwork.framework */; settings = {ASSET_TAGS = (); }; };
		14DB48C01BD6761E007F0E15 /* AudioToolbox.framework in Frameworks */ = {isa = PBXBuildFile; fileRef = 14DB48B41BD6761E007F0E15 /* AudioToolbox.framework */; settings = {ASSET_TAGS = (); }; };
		14DB48C11BD6761E007F0E15 /* Bolts.framework in Frameworks */ = {isa = PBXBuildFile; fileRef = 14DB48B51BD6761E007F0E15 /* Bolts.framework */; settings = {ASSET_TAGS = (); }; };
		14DB48C21BD6761E007F0E15 /* Parse.framework in Frameworks */ = {isa = PBXBuildFile; fileRef = 14DB48B61BD6761E007F0E15 /* Parse.framework */; settings = {ASSET_TAGS = (); }; };
/* End PBXBuildFile section */

/* Begin PBXFileReference section */
		1410888F1BD526A800D41A3F /* Camera.app */ = {isa = PBXFileReference; explicitFileType = wrapper.application; includeInIndex = 0; path = Camera.app; sourceTree = BUILT_PRODUCTS_DIR; };
		141088931BD526A800D41A3F /* main.m */ = {isa = PBXFileReference; lastKnownFileType = sourcecode.c.objc; path = main.m; sourceTree = "<group>"; };
		141088951BD526A800D41A3F /* AppDelegate.h */ = {isa = PBXFileReference; lastKnownFileType = sourcecode.c.h; path = AppDelegate.h; sourceTree = "<group>"; };
		141088961BD526A800D41A3F /* AppDelegate.m */ = {isa = PBXFileReference; lastKnownFileType = sourcecode.c.objc; path = AppDelegate.m; sourceTree = "<group>"; };
		1410889C1BD526A800D41A3F /* Base */ = {isa = PBXFileReference; lastKnownFileType = file.storyboard; name = Base; path = Base.lproj/Main.storyboard; sourceTree = "<group>"; };
		1410889E1BD526A900D41A3F /* Assets.xcassets */ = {isa = PBXFileReference; lastKnownFileType = folder.assetcatalog; path = Assets.xcassets; sourceTree = "<group>"; };
		141088A11BD526A900D41A3F /* Base */ = {isa = PBXFileReference; lastKnownFileType = file.storyboard; name = Base; path = Base.lproj/LaunchScreen.storyboard; sourceTree = "<group>"; };
		141088A31BD526A900D41A3F /* Info.plist */ = {isa = PBXFileReference; lastKnownFileType = text.plist.xml; path = Info.plist; sourceTree = "<group>"; };
		141088A91BD56C2400D41A3F /* User.storyboard */ = {isa = PBXFileReference; fileEncoding = 4; lastKnownFileType = file.storyboard; path = User.storyboard; sourceTree = "<group>"; };
		141088AB1BD56C3000D41A3F /* Create.storyboard */ = {isa = PBXFileReference; fileEncoding = 4; lastKnownFileType = file.storyboard; path = Create.storyboard; sourceTree = "<group>"; };
		141088B01BD56EAD00D41A3F /* SelfieFeedTableViewController.h */ = {isa = PBXFileReference; fileEncoding = 4; lastKnownFileType = sourcecode.c.h; path = SelfieFeedTableViewController.h; sourceTree = "<group>"; };
		141088B11BD56EAD00D41A3F /* SelfieFeedTableViewController.m */ = {isa = PBXFileReference; fileEncoding = 4; lastKnownFileType = sourcecode.c.objc; path = SelfieFeedTableViewController.m; sourceTree = "<group>"; };
		141088B31BD56ECF00D41A3F /* SelfieDetailViewController.h */ = {isa = PBXFileReference; fileEncoding = 4; lastKnownFileType = sourcecode.c.h; path = SelfieDetailViewController.h; sourceTree = "<group>"; };
		141088B41BD56ECF00D41A3F /* SelfieDetailViewController.m */ = {isa = PBXFileReference; fileEncoding = 4; lastKnownFileType = sourcecode.c.objc; path = SelfieDetailViewController.m; sourceTree = "<group>"; };
		141088B61BD5704B00D41A3F /* SelfieTableViewCell.h */ = {isa = PBXFileReference; fileEncoding = 4; lastKnownFileType = sourcecode.c.h; path = SelfieTableViewCell.h; sourceTree = "<group>"; };
		141088B71BD5704B00D41A3F /* SelfieTableViewCell.m */ = {isa = PBXFileReference; fileEncoding = 4; lastKnownFileType = sourcecode.c.objc; path = SelfieTableViewCell.m; sourceTree = "<group>"; };
		141088B91BD5780700D41A3F /* CaptureViewController.h */ = {isa = PBXFileReference; fileEncoding = 4; lastKnownFileType = sourcecode.c.h; path = CaptureViewController.h; sourceTree = "<group>"; };
		141088BA1BD5780700D41A3F /* CaptureViewController.m */ = {isa = PBXFileReference; fileEncoding = 4; lastKnownFileType = sourcecode.c.objc; path = CaptureViewController.m; sourceTree = "<group>"; };
		141088BC1BD5782700D41A3F /* FilterViewController.h */ = {isa = PBXFileReference; fileEncoding = 4; lastKnownFileType = sourcecode.c.h; path = FilterViewController.h; sourceTree = "<group>"; };
		141088BD1BD5782700D41A3F /* FilterViewController.m */ = {isa = PBXFileReference; fileEncoding = 4; lastKnownFileType = sourcecode.c.objc; path = FilterViewController.m; sourceTree = "<group>"; };
		141088C01BD5784500D41A3F /* SubmitViewController.h */ = {isa = PBXFileReference; fileEncoding = 4; lastKnownFileType = sourcecode.c.h; path = SubmitViewController.h; sourceTree = "<group>"; };
		141088C11BD5784500D41A3F /* SubmitViewController.m */ = {isa = PBXFileReference; fileEncoding = 4; lastKnownFileType = sourcecode.c.objc; path = SubmitViewController.m; sourceTree = "<group>"; };
		141088C31BD5788100D41A3F /* FilterDataSource.h */ = {isa = PBXFileReference; fileEncoding = 4; lastKnownFileType = sourcecode.c.h; path = FilterDataSource.h; sourceTree = "<group>"; };
		141088C41BD5788100D41A3F /* FilterDataSource.m */ = {isa = PBXFileReference; fileEncoding = 4; lastKnownFileType = sourcecode.c.objc; path = FilterDataSource.m; sourceTree = "<group>"; };
		141088C81BD5799700D41A3F /* FilterCollectionViewCell.h */ = {isa = PBXFileReference; fileEncoding = 4; lastKnownFileType = sourcecode.c.h; path = FilterCollectionViewCell.h; sourceTree = "<group>"; };
		141088C91BD5799700D41A3F /* FilterCollectionViewCell.m */ = {isa = PBXFileReference; fileEncoding = 4; lastKnownFileType = sourcecode.c.objc; path = FilterCollectionViewCell.m; sourceTree = "<group>"; };
		141088CB1BD5808F00D41A3F /* ChoiceViewController.h */ = {isa = PBXFileReference; fileEncoding = 4; lastKnownFileType = sourcecode.c.h; path = ChoiceViewController.h; sourceTree = "<group>"; };
		141088CC1BD5808F00D41A3F /* ChoiceViewController.m */ = {isa = PBXFileReference; fileEncoding = 4; lastKnownFileType = sourcecode.c.objc; path = ChoiceViewController.m; sourceTree = "<group>"; };
		141088CE1BD580BB00D41A3F /* LoginViewController.h */ = {isa = PBXFileReference; fileEncoding = 4; lastKnownFileType = sourcecode.c.h; path = LoginViewController.h; sourceTree = "<group>"; };
		141088CF1BD580BB00D41A3F /* LoginViewController.m */ = {isa = PBXFileReference; fileEncoding = 4; lastKnownFileType = sourcecode.c.objc; path = LoginViewController.m; sourceTree = "<group>"; };
		141088D11BD5810500D41A3F /* RegisterViewController.h */ = {isa = PBXFileReference; fileEncoding = 4; lastKnownFileType = sourcecode.c.h; path = RegisterViewController.h; sourceTree = "<group>"; };
		141088D21BD5810500D41A3F /* RegisterViewController.m */ = {isa = PBXFileReference; fileEncoding = 4; lastKnownFileType = sourcecode.c.objc; path = RegisterViewController.m; sourceTree = "<group>"; };
		141088D41BD5815E00D41A3F /* AvatarViewController.h */ = {isa = PBXFileReference; fileEncoding = 4; lastKnownFileType = sourcecode.c.h; path = AvatarViewController.h; sourceTree = "<group>"; };
		141088D51BD5815E00D41A3F /* AvatarViewController.m */ = {isa = PBXFileReference; fileEncoding = 4; lastKnownFileType = sourcecode.c.objc; path = AvatarViewController.m; sourceTree = "<group>"; };
		14DA5D261BD81050002B9E22 /* imageEditing.h */ = {isa = PBXFileReference; lastKnownFileType = sourcecode.c.h; path = imageEditing.h; sourceTree = "<group>"; };
		14DB48AB1BD6761E007F0E15 /* libsqlite3.dylib */ = {isa = PBXFileReference; lastKnownFileType = "compiled.mach-o.dylib"; name = libsqlite3.dylib; path = ../../../../../../usr/lib/libsqlite3.dylib; sourceTree = "<group>"; };
		14DB48AC1BD6761E007F0E15 /* libz.1.dylib */ = {isa = PBXFileReference; lastKnownFileType = "compiled.mach-o.dylib"; name = libz.1.dylib; path = ../../../../../../usr/lib/libz.1.dylib; sourceTree = "<group>"; };
		14DB48AD1BD6761E007F0E15 /* SystemConfiguration.framework */ = {isa = PBXFileReference; lastKnownFileType = wrapper.framework; name = SystemConfiguration.framework; path = System/Library/Frameworks/SystemConfiguration.framework; sourceTree = SDKROOT; };
		14DB48AE1BD6761E007F0E15 /* StoreKit.framework */ = {isa = PBXFileReference; lastKnownFileType = wrapper.framework; name = StoreKit.framework; path = System/Library/Frameworks/StoreKit.framework; sourceTree = SDKROOT; };
		14DB48AF1BD6761E007F0E15 /* Security.framework */ = {isa = PBXFileReference; lastKnownFileType = wrapper.framework; name = Security.framework; path = System/Library/Frameworks/Security.framework; sourceTree = SDKROOT; };
		14DB48B01BD6761E007F0E15 /* QuartzCore.framework */ = {isa = PBXFileReference; lastKnownFileType = wrapper.framework; name = QuartzCore.framework; path = System/Library/Frameworks/QuartzCore.framework; sourceTree = SDKROOT; };
		14DB48B11BD6761E007F0E15 /* CoreLocation.framework */ = {isa = PBXFileReference; lastKnownFileType = wrapper.framework; name = CoreLocation.framework; path = System/Library/Frameworks/CoreLocation.framework; sourceTree = SDKROOT; };
		14DB48B21BD6761E007F0E15 /* CoreGraphics.framework */ = {isa = PBXFileReference; lastKnownFileType = wrapper.framework; name = CoreGraphics.framework; path = System/Library/Frameworks/CoreGraphics.framework; sourceTree = SDKROOT; };
		14DB48B31BD6761E007F0E15 /* CFNetwork.framework */ = {isa = PBXFileReference; lastKnownFileType = wrapper.framework; name = CFNetwork.framework; path = System/Library/Frameworks/CFNetwork.framework; sourceTree = SDKROOT; };
		14DB48B41BD6761E007F0E15 /* AudioToolbox.framework */ = {isa = PBXFileReference; lastKnownFileType = wrapper.framework; name = AudioToolbox.framework; path = System/Library/Frameworks/AudioToolbox.framework; sourceTree = SDKROOT; };
		14DB48B51BD6761E007F0E15 /* Bolts.framework */ = {isa = PBXFileReference; lastKnownFileType = wrapper.framework; name = Bolts.framework; path = ../../../_resources/Frameworks/Parse/Bolts.framework; sourceTree = "<group>"; };
		14DB48B61BD6761E007F0E15 /* Parse.framework */ = {isa = PBXFileReference; lastKnownFileType = wrapper.framework; name = Parse.framework; path = ../../../_resources/Frameworks/Parse/Parse.framework; sourceTree = "<group>"; };
/* End PBXFileReference section */

/* Begin PBXFrameworksBuildPhase section */
		1410888C1BD526A800D41A3F /* Frameworks */ = {
			isa = PBXFrameworksBuildPhase;
			buildActionMask = 2147483647;
			files = (
				14DB48BF1BD6761E007F0E15 /* CFNetwork.framework in Frameworks */,
				14DB48B81BD6761E007F0E15 /* libz.1.dylib in Frameworks */,
				14DB48BB1BD6761E007F0E15 /* Security.framework in Frameworks */,
				14DB48BC1BD6761E007F0E15 /* QuartzCore.framework in Frameworks */,
				14DB48B91BD6761E007F0E15 /* SystemConfiguration.framework in Frameworks */,
				14DB48BE1BD6761E007F0E15 /* CoreGraphics.framework in Frameworks */,
				14DB48BD1BD6761E007F0E15 /* CoreLocation.framework in Frameworks */,
				14DB48C01BD6761E007F0E15 /* AudioToolbox.framework in Frameworks */,
				14DB48C11BD6761E007F0E15 /* Bolts.framework in Frameworks */,
				14DB48B71BD6761E007F0E15 /* libsqlite3.dylib in Frameworks */,
				14DB48C21BD6761E007F0E15 /* Parse.framework in Frameworks */,
				14DB48BA1BD6761E007F0E15 /* StoreKit.framework in Frameworks */,
			);
			runOnlyForDeploymentPostprocessing = 0;
		};
/* End PBXFrameworksBuildPhase section */

/* Begin PBXGroup section */
		141088861BD526A800D41A3F = {
			isa = PBXGroup;
			children = (
				141088911BD526A800D41A3F /* Camera */,
				14DB48A91BD67571007F0E15 /* Products */,
				14DB48AA1BD6757D007F0E15 /* Frameworks */,
			);
			sourceTree = "<group>";
		};
		141088901BD526A800D41A3F /* Products */ = {
			isa = PBXGroup;
			children = (
				1410888F1BD526A800D41A3F /* Camera.app */,
			);
			name = Products;
			sourceTree = "<group>";
		};
		141088911BD526A800D41A3F /* Camera */ = {
			isa = PBXGroup;
			children = (
				14DA5D261BD81050002B9E22 /* imageEditing.h */,
				1410889B1BD526A800D41A3F /* Main.storyboard */,
				141088AD1BD56CEA00D41A3F /* Main Flow */,
				141088AB1BD56C3000D41A3F /* Create.storyboard */,
				141088AE1BD56CFC00D41A3F /* Create Flow */,
				141088A91BD56C2400D41A3F /* User.storyboard */,
				141088AF1BD56D0600D41A3F /* User Flow */,
				141088921BD526A800D41A3F /* Supporting Files */,
			);
			path = Camera;
			sourceTree = "<group>";
		};
		141088921BD526A800D41A3F /* Supporting Files */ = {
			isa = PBXGroup;
			children = (
				141088A01BD526A900D41A3F /* LaunchScreen.storyboard */,
				1410889E1BD526A900D41A3F /* Assets.xcassets */,
				141088931BD526A800D41A3F /* main.m */,
				141088A31BD526A900D41A3F /* Info.plist */,
				141088951BD526A800D41A3F /* AppDelegate.h */,
				141088961BD526A800D41A3F /* AppDelegate.m */,
			);
			name = "Supporting Files";
			sourceTree = "<group>";
		};
		141088AD1BD56CEA00D41A3F /* Main Flow */ = {
			isa = PBXGroup;
			children = (
				141088B01BD56EAD00D41A3F /* SelfieFeedTableViewController.h */,
				141088B11BD56EAD00D41A3F /* SelfieFeedTableViewController.m */,
				141088C61BD578AB00D41A3F /* TableView */,
				141088B31BD56ECF00D41A3F /* SelfieDetailViewController.h */,
				141088B41BD56ECF00D41A3F /* SelfieDetailViewController.m */,
			);
			name = "Main Flow";
			sourceTree = "<group>";
		};
		141088AE1BD56CFC00D41A3F /* Create Flow */ = {
			isa = PBXGroup;
			children = (
				141088B91BD5780700D41A3F /* CaptureViewController.h */,
				141088BA1BD5780700D41A3F /* CaptureViewController.m */,
				141088BC1BD5782700D41A3F /* FilterViewController.h */,
				141088BD1BD5782700D41A3F /* FilterViewController.m */,
				141088C71BD578F800D41A3F /* FilterView */,
				141088C01BD5784500D41A3F /* SubmitViewController.h */,
				141088C11BD5784500D41A3F /* SubmitViewController.m */,
			);
			name = "Create Flow";
			sourceTree = "<group>";
		};
		141088AF1BD56D0600D41A3F /* User Flow */ = {
			isa = PBXGroup;
			children = (
				141088CB1BD5808F00D41A3F /* ChoiceViewController.h */,
				141088CC1BD5808F00D41A3F /* ChoiceViewController.m */,
				141088CE1BD580BB00D41A3F /* LoginViewController.h */,
				141088CF1BD580BB00D41A3F /* LoginViewController.m */,
				141088D11BD5810500D41A3F /* RegisterViewController.h */,
				141088D21BD5810500D41A3F /* RegisterViewController.m */,
				141088D41BD5815E00D41A3F /* AvatarViewController.h */,
				141088D51BD5815E00D41A3F /* AvatarViewController.m */,
			);
			name = "User Flow";
			sourceTree = "<group>";
		};
		141088C61BD578AB00D41A3F /* TableView */ = {
			isa = PBXGroup;
			children = (
				141088B61BD5704B00D41A3F /* SelfieTableViewCell.h */,
				141088B71BD5704B00D41A3F /* SelfieTableViewCell.m */,
			);
			name = TableView;
			sourceTree = "<group>";
		};
		141088C71BD578F800D41A3F /* FilterView */ = {
			isa = PBXGroup;
			children = (
				141088C31BD5788100D41A3F /* FilterDataSource.h */,
				141088C41BD5788100D41A3F /* FilterDataSource.m */,
				141088C81BD5799700D41A3F /* FilterCollectionViewCell.h */,
				141088C91BD5799700D41A3F /* FilterCollectionViewCell.m */,
			);
			name = FilterView;
			sourceTree = "<group>";
		};
		14DB48A91BD67571007F0E15 /* Products */ = {
			isa = PBXGroup;
			children = (
				141088901BD526A800D41A3F /* Products */,
			);
			name = Products;
			sourceTree = "<group>";
		};
		14DB48AA1BD6757D007F0E15 /* Frameworks */ = {
			isa = PBXGroup;
			children = (
				14DB48AB1BD6761E007F0E15 /* libsqlite3.dylib */,
				14DB48AC1BD6761E007F0E15 /* libz.1.dylib */,
				14DB48AD1BD6761E007F0E15 /* SystemConfiguration.framework */,
				14DB48AE1BD6761E007F0E15 /* StoreKit.framework */,
				14DB48AF1BD6761E007F0E15 /* Security.framework */,
				14DB48B01BD6761E007F0E15 /* QuartzCore.framework */,
				14DB48B11BD6761E007F0E15 /* CoreLocation.framework */,
				14DB48B21BD6761E007F0E15 /* CoreGraphics.framework */,
				14DB48B31BD6761E007F0E15 /* CFNetwork.framework */,
				14DB48B41BD6761E007F0E15 /* AudioToolbox.framework */,
				14DB48B51BD6761E007F0E15 /* Bolts.framework */,
				14DB48B61BD6761E007F0E15 /* Parse.framework */,
			);
			name = Frameworks;
			sourceTree = "<group>";
		};
/* End PBXGroup section */

/* Begin PBXNativeTarget section */
		1410888E1BD526A800D41A3F /* Camera */ = {
			isa = PBXNativeTarget;
			buildConfigurationList = 141088A61BD526A900D41A3F /* Build configuration list for PBXNativeTarget "Camera" */;
			buildPhases = (
				1410888B1BD526A800D41A3F /* Sources */,
				1410888C1BD526A800D41A3F /* Frameworks */,
				1410888D1BD526A800D41A3F /* Resources */,
			);
			buildRules = (
			);
			dependencies = (
			);
			name = Camera;
			productName = Camera;
			productReference = 1410888F1BD526A800D41A3F /* Camera.app */;
			productType = "com.apple.product-type.application";
		};
/* End PBXNativeTarget section */

/* Begin PBXProject section */
		141088871BD526A800D41A3F /* Project object */ = {
			isa = PBXProject;
			attributes = {
				LastUpgradeCheck = 0700;
				ORGANIZATIONNAME = "alex oh";
				TargetAttributes = {
					1410888E1BD526A800D41A3F = {
						CreatedOnToolsVersion = 7.0.1;
						DevelopmentTeam = 8KYAJ2C32M;
					};
				};
			};
			buildConfigurationList = 1410888A1BD526A800D41A3F /* Build configuration list for PBXProject "Camera" */;
			compatibilityVersion = "Xcode 3.2";
			developmentRegion = English;
			hasScannedForEncodings = 0;
			knownRegions = (
				en,
				Base,
			);
			mainGroup = 141088861BD526A800D41A3F;
			productRefGroup = 141088901BD526A800D41A3F /* Products */;
			projectDirPath = "";
			projectRoot = "";
			targets = (
				1410888E1BD526A800D41A3F /* Camera */,
			);
		};
/* End PBXProject section */

/* Begin PBXResourcesBuildPhase section */
		1410888D1BD526A800D41A3F /* Resources */ = {
			isa = PBXResourcesBuildPhase;
			buildActionMask = 2147483647;
			files = (
				141088AA1BD56C2400D41A3F /* User.storyboard in Resources */,
				141088AC1BD56C3000D41A3F /* Create.storyboard in Resources */,
				141088A21BD526A900D41A3F /* LaunchScreen.storyboard in Resources */,
				1410889F1BD526A900D41A3F /* Assets.xcassets in Resources */,
				1410889D1BD526A800D41A3F /* Main.storyboard in Resources */,
			);
			runOnlyForDeploymentPostprocessing = 0;
		};
/* End PBXResourcesBuildPhase section */

/* Begin PBXSourcesBuildPhase section */
		1410888B1BD526A800D41A3F /* Sources */ = {
			isa = PBXSourcesBuildPhase;
			buildActionMask = 2147483647;
			files = (
				141088C51BD5788100D41A3F /* FilterDataSource.m in Sources */,
				141088971BD526A800D41A3F /* AppDelegate.m in Sources */,
				141088B51BD56ECF00D41A3F /* SelfieDetailViewController.m in Sources */,
				141088B81BD5704B00D41A3F /* SelfieTableViewCell.m in Sources */,
				141088941BD526A800D41A3F /* main.m in Sources */,
				141088C21BD5784500D41A3F /* SubmitViewController.m in Sources */,
				141088CA1BD5799700D41A3F /* FilterCollectionViewCell.m in Sources */,
				141088BE1BD5782700D41A3F /* FilterViewController.m in Sources */,
				141088D01BD580BB00D41A3F /* LoginViewController.m in Sources */,
				141088D31BD5810500D41A3F /* RegisterViewController.m in Sources */,
				141088B21BD56EAD00D41A3F /* SelfieFeedTableViewController.m in Sources */,
				141088BB1BD5780700D41A3F /* CaptureViewController.m in Sources */,
				141088CD1BD5808F00D41A3F /* ChoiceViewController.m in Sources */,
				141088D61BD5815E00D41A3F /* AvatarViewController.m in Sources */,
			);
			runOnlyForDeploymentPostprocessing = 0;
		};
/* End PBXSourcesBuildPhase section */

/* Begin PBXVariantGroup section */
		1410889B1BD526A800D41A3F /* Main.storyboard */ = {
			isa = PBXVariantGroup;
			children = (
				1410889C1BD526A800D41A3F /* Base */,
			);
			name = Main.storyboard;
			sourceTree = "<group>";
		};
		141088A01BD526A900D41A3F /* LaunchScreen.storyboard */ = {
			isa = PBXVariantGroup;
			children = (
				141088A11BD526A900D41A3F /* Base */,
			);
			name = LaunchScreen.storyboard;
			sourceTree = "<group>";
		};
/* End PBXVariantGroup section */

/* Begin XCBuildConfiguration section */
		141088A41BD526A900D41A3F /* Debug */ = {
			isa = XCBuildConfiguration;
			buildSettings = {
				ALWAYS_SEARCH_USER_PATHS = NO;
				CLANG_CXX_LANGUAGE_STANDARD = "gnu++0x";
				CLANG_CXX_LIBRARY = "libc++";
				CLANG_ENABLE_MODULES = YES;
				CLANG_ENABLE_OBJC_ARC = YES;
				CLANG_WARN_BOOL_CONVERSION = YES;
				CLANG_WARN_CONSTANT_CONVERSION = YES;
				CLANG_WARN_DIRECT_OBJC_ISA_USAGE = YES_ERROR;
				CLANG_WARN_EMPTY_BODY = YES;
				CLANG_WARN_ENUM_CONVERSION = YES;
				CLANG_WARN_INT_CONVERSION = YES;
				CLANG_WARN_OBJC_ROOT_CLASS = YES_ERROR;
				CLANG_WARN_UNREACHABLE_CODE = YES;
				CLANG_WARN__DUPLICATE_METHOD_MATCH = YES;
				"CODE_SIGN_IDENTITY[sdk=iphoneos*]" = "iPhone Developer";
				COPY_PHASE_STRIP = NO;
				DEBUG_INFORMATION_FORMAT = dwarf;
				ENABLE_STRICT_OBJC_MSGSEND = YES;
				ENABLE_TESTABILITY = YES;
				GCC_C_LANGUAGE_STANDARD = gnu99;
				GCC_DYNAMIC_NO_PIC = NO;
				GCC_NO_COMMON_BLOCKS = YES;
				GCC_OPTIMIZATION_LEVEL = 0;
				GCC_PREPROCESSOR_DEFINITIONS = (
					"DEBUG=1",
					"$(inherited)",
				);
				GCC_WARN_64_TO_32_BIT_CONVERSION = YES;
				GCC_WARN_ABOUT_RETURN_TYPE = YES_ERROR;
				GCC_WARN_UNDECLARED_SELECTOR = YES;
				GCC_WARN_UNINITIALIZED_AUTOS = YES_AGGRESSIVE;
				GCC_WARN_UNUSED_FUNCTION = YES;
				GCC_WARN_UNUSED_VARIABLE = YES;
				IPHONEOS_DEPLOYMENT_TARGET = 9.0;
				MTL_ENABLE_DEBUG_INFO = YES;
				ONLY_ACTIVE_ARCH = YES;
				SDKROOT = iphoneos;
			};
			name = Debug;
		};
		141088A51BD526A900D41A3F /* Release */ = {
			isa = XCBuildConfiguration;
			buildSettings = {
				ALWAYS_SEARCH_USER_PATHS = NO;
				CLANG_CXX_LANGUAGE_STANDARD = "gnu++0x";
				CLANG_CXX_LIBRARY = "libc++";
				CLANG_ENABLE_MODULES = YES;
				CLANG_ENABLE_OBJC_ARC = YES;
				CLANG_WARN_BOOL_CONVERSION = YES;
				CLANG_WARN_CONSTANT_CONVERSION = YES;
				CLANG_WARN_DIRECT_OBJC_ISA_USAGE = YES_ERROR;
				CLANG_WARN_EMPTY_BODY = YES;
				CLANG_WARN_ENUM_CONVERSION = YES;
				CLANG_WARN_INT_CONVERSION = YES;
				CLANG_WARN_OBJC_ROOT_CLASS = YES_ERROR;
				CLANG_WARN_UNREACHABLE_CODE = YES;
				CLANG_WARN__DUPLICATE_METHOD_MATCH = YES;
				"CODE_SIGN_IDENTITY[sdk=iphoneos*]" = "iPhone Developer";
				COPY_PHASE_STRIP = NO;
				DEBUG_INFORMATION_FORMAT = "dwarf-with-dsym";
				ENABLE_NS_ASSERTIONS = NO;
				ENABLE_STRICT_OBJC_MSGSEND = YES;
				GCC_C_LANGUAGE_STANDARD = gnu99;
				GCC_NO_COMMON_BLOCKS = YES;
				GCC_WARN_64_TO_32_BIT_CONVERSION = YES;
				GCC_WARN_ABOUT_RETURN_TYPE = YES_ERROR;
				GCC_WARN_UNDECLARED_SELECTOR = YES;
				GCC_WARN_UNINITIALIZED_AUTOS = YES_AGGRESSIVE;
				GCC_WARN_UNUSED_FUNCTION = YES;
				GCC_WARN_UNUSED_VARIABLE = YES;
				IPHONEOS_DEPLOYMENT_TARGET = 9.0;
				MTL_ENABLE_DEBUG_INFO = NO;
				SDKROOT = iphoneos;
				VALIDATE_PRODUCT = YES;
			};
			name = Release;
		};
		141088A71BD526A900D41A3F /* Debug */ = {
			isa = XCBuildConfiguration;
			buildSettings = {
				ASSETCATALOG_COMPILER_APPICON_NAME = AppIcon;
				CODE_SIGN_IDENTITY = "iPhone Developer";
				"CODE_SIGN_IDENTITY[sdk=iphoneos*]" = "iPhone Developer";
				FRAMEWORK_SEARCH_PATHS = "/Users/alexoh/desktop/_resources/Frameworks/**";
				INFOPLIST_FILE = Camera/Info.plist;
				LD_RUNPATH_SEARCH_PATHS = "$(inherited) @executable_path/Frameworks";
				PRODUCT_BUNDLE_IDENTIFIER = alexoh.Camera;
				PRODUCT_NAME = "$(TARGET_NAME)";
				PROVISIONING_PROFILE = "";
			};
			name = Debug;
		};
		141088A81BD526A900D41A3F /* Release */ = {
			isa = XCBuildConfiguration;
			buildSettings = {
				ASSETCATALOG_COMPILER_APPICON_NAME = AppIcon;
				CODE_SIGN_IDENTITY = "iPhone Developer";
				"CODE_SIGN_IDENTITY[sdk=iphoneos*]" = "iPhone Developer";
				FRAMEWORK_SEARCH_PATHS = "/Users/alexoh/desktop/_resources/Frameworks/**";
				INFOPLIST_FILE = Camera/Info.plist;
				LD_RUNPATH_SEARCH_PATHS = "$(inherited) @executable_path/Frameworks";
				PRODUCT_BUNDLE_IDENTIFIER = alexoh.Camera;
				PRODUCT_NAME = "$(TARGET_NAME)";
				PROVISIONING_PROFILE = "";
			};
			name = Release;
		};
/* End XCBuildConfiguration section */

/* Begin XCConfigurationList section */
		1410888A1BD526A800D41A3F /* Build configuration list for PBXProject "Camera" */ = {
			isa = XCConfigurationList;
			buildConfigurations = (
				141088A41BD526A900D41A3F /* Debug */,
				141088A51BD526A900D41A3F /* Release */,
			);
			defaultConfigurationIsVisible = 0;
			defaultConfigurationName = Release;
		};
		141088A61BD526A900D41A3F /* Build configuration list for PBXNativeTarget "Camera" */ = {
			isa = XCConfigurationList;
			buildConfigurations = (
				141088A71BD526A900D41A3F /* Debug */,
				141088A81BD526A900D41A3F /* Release */,
			);
			defaultConfigurationIsVisible = 0;
			defaultConfigurationName = Release;
		};
/* End XCConfigurationList section */
	};
	rootObject = 141088871BD526A800D41A3F /* Project object */;
}
